
Microsoft Visual Studio Solution File, Format Version 12.00
# Visual Studio Version 17
VisualStudioVersion = 17.7.34009.444
MinimumVisualStudioVersion = 10.0.40219.1
Project("{FAE04EC0-301F-11D3-BF4B-00C04F79EFBC}") = "StyleOnBack", "StyleOnBack\StyleOnBack.csproj", "{4A0B9165-9025-4453-91E7-2DF8F7C2429A}"
EndProject
Global
	GlobalSection(SolutionConfigurationPlatforms) = preSolution
		Debug|Any CPU = Debug|Any CPU
		Release|Any CPU = Release|Any CPU
	EndGlobalSection
	GlobalSection(ProjectConfigurationPlatforms) = postSolution
		{4A0B9165-9025-4453-91E7-2DF8F7C2429A}.Debug|Any CPU.ActiveCfg = Debug|Any CPU
		{4A0B9165-9025-4453-91E7-2DF8F7C2429A}.Debug|Any CPU.Build.0 = Debug|Any CPU
		{4A0B9165-9025-4453-91E7-2DF8F7C2429A}.Release|Any CPU.ActiveCfg = Release|Any CPU
		{4A0B9165-9025-4453-91E7-2DF8F7C2429A}.Release|Any CPU.Build.0 = Release|Any CPU
	EndGlobalSection
	GlobalSection(SolutionProperties) = preSolution
		HideSolutionNode = FALSE
	EndGlobalSection
	GlobalSection(ExtensibilityGlobals) = postSolution
		SolutionGuid = {246CC9E8-00C6-4A06-BA12-5F2FD9ED7393}
	EndGlobalSection
EndGlobal
